
Microsoft Visual Studio Solution File, Format Version 12.00
# Visual Studio 2012
Project("{FAE04EC0-301F-11D3-BF4B-00C04F79EFBC}") = "BDZService", "BDZService\BDZService.csproj", "{9D2A138D-CA27-467F-A8F6-013F6A475BBA}"
EndProject
Project("{FAE04EC0-301F-11D3-BF4B-00C04F79EFBC}") = "BDZWebsiteUtilities", "BDZWebsiteUtilities\BDZWebsiteUtilities.csproj", "{83903F0B-8EBA-49F2-9549-D540462B2C56}"
EndProject
Project("{2150E333-8FDC-42A3-9474-1A3956D46DE8}") = ".nuget", ".nuget", "{7201E8E9-70BA-4476-A7C1-BD1B2B7FC4F4}"
	ProjectSection(SolutionItems) = preProject
		.nuget\NuGet.Config = .nuget\NuGet.Config
		.nuget\NuGet.exe = .nuget\NuGet.exe
		.nuget\NuGet.targets = .nuget\NuGet.targets
	EndProjectSection
EndProject
Project("{FAE04EC0-301F-11D3-BF4B-00C04F79EFBC}") = "ReportData", "ReportData\ReportData.csproj", "{D27DE8C7-D769-4F54-9EEE-CF1097E7A449}"
EndProject
Global
	GlobalSection(SolutionConfigurationPlatforms) = preSolution
		Debug|Any CPU = Debug|Any CPU
		Release|Any CPU = Release|Any CPU
	EndGlobalSection
	GlobalSection(ProjectConfigurationPlatforms) = postSolution
		{9D2A138D-CA27-467F-A8F6-013F6A475BBA}.Debug|Any CPU.ActiveCfg = Debug|Any CPU
		{9D2A138D-CA27-467F-A8F6-013F6A475BBA}.Debug|Any CPU.Build.0 = Debug|Any CPU
		{9D2A138D-CA27-467F-A8F6-013F6A475BBA}.Release|Any CPU.ActiveCfg = Release|Any CPU
		{9D2A138D-CA27-467F-A8F6-013F6A475BBA}.Release|Any CPU.Build.0 = Release|Any CPU
		{83903F0B-8EBA-49F2-9549-D540462B2C56}.Debug|Any CPU.ActiveCfg = Debug|Any CPU
		{83903F0B-8EBA-49F2-9549-D540462B2C56}.Debug|Any CPU.Build.0 = Debug|Any CPU
		{83903F0B-8EBA-49F2-9549-D540462B2C56}.Release|Any CPU.ActiveCfg = Release|Any CPU
		{83903F0B-8EBA-49F2-9549-D540462B2C56}.Release|Any CPU.Build.0 = Release|Any CPU
		{D27DE8C7-D769-4F54-9EEE-CF1097E7A449}.Debug|Any CPU.ActiveCfg = Debug|Any CPU
		{D27DE8C7-D769-4F54-9EEE-CF1097E7A449}.Debug|Any CPU.Build.0 = Debug|Any CPU
		{D27DE8C7-D769-4F54-9EEE-CF1097E7A449}.Release|Any CPU.ActiveCfg = Release|Any CPU
		{D27DE8C7-D769-4F54-9EEE-CF1097E7A449}.Release|Any CPU.Build.0 = Release|Any CPU
	EndGlobalSection
	GlobalSection(SolutionProperties) = preSolution
		HideSolutionNode = FALSE
	EndGlobalSection
EndGlobal
